Microsoft Visual Studio Solution File, Format Version 12.00
# Visual Studio 2013
VisualStudioVersion = 12.0.30501.0
MinimumVisualStudioVersion = 10.0.40219.1
Project("{FAE04EC0-301F-11D3-BF4B-00C04F79EFBC}") = "CameraMouseSuite", "CameraMouse\CameraMouseSuite.csproj", "{8C810F7C-8825-46ED-94FE-95B4FCCEC26D}"
EndProject
Project("{FAE04EC0-301F-11D3-BF4B-00C04F79EFBC}") = "StandardTrackingSuite", "StandardTrackingSuite\StandardTrackingSuite.csproj", "{F2B0C2DA-34D0-4334-8C5F-24CFB3C3065A}"
EndProject
Project("{FAE04EC0-301F-11D3-BF4B-00C04F79EFBC}") = "AHMTrackingSuite", "AHMTrackingSuite\AHMTrackingSuite.csproj", "{4BD12DFA-B7A4-4A6F-95AB-9018D3BA40DF}"
EndProject
Project("{FAE04EC0-301F-11D3-BF4B-00C04F79EFBC}") = "CameraMouseSuiteCommon", "CameraMouseSuiteCommon\CameraMouseSuiteCommon.csproj", "{BDDA0588-AC59-4513-9717-B10771657970}"
EndProject
Project("{FAE04EC0-301F-11D3-BF4B-00C04F79EFBC}") = "BlinkLinkStandardTrackingSuite", "BlinkLinkStandardTrackingSuite\BlinkLinkStandardTrackingSuite.csproj", "{46894D25-5A60-4E85-959D-3FB69EE4F2B8}"
EndProject
Global
	GlobalSection(SolutionConfigurationPlatforms) = preSolution
		CD_ROM|Any CPU = CD_ROM|Any CPU
		CD_ROM|Itanium = CD_ROM|Itanium
		CD_ROM|Mixed Platforms = CD_ROM|Mixed Platforms
		CD_ROM|Win32 = CD_ROM|Win32
		CD_ROM|x64 = CD_ROM|x64
		CD_ROM|x86 = CD_ROM|x86
		Custom|Any CPU = Custom|Any CPU
		Custom|Itanium = Custom|Itanium
		Custom|Mixed Platforms = Custom|Mixed Platforms
		Custom|Win32 = Custom|Win32
		Custom|x64 = Custom|x64
		Custom|x86 = Custom|x86
		Debug|Any CPU = Debug|Any CPU
		Debug|Itanium = Debug|Itanium
		Debug|Mixed Platforms = Debug|Mixed Platforms
		Debug|Win32 = Debug|Win32
		Debug|x64 = Debug|x64
		Debug|x86 = Debug|x86
		Debug64 Itanium|Any CPU = Debug64 Itanium|Any CPU
		Debug64 Itanium|Itanium = Debug64 Itanium|Itanium
		Debug64 Itanium|Mixed Platforms = Debug64 Itanium|Mixed Platforms
		Debug64 Itanium|Win32 = Debug64 Itanium|Win32
		Debug64 Itanium|x64 = Debug64 Itanium|x64
		Debug64 Itanium|x86 = Debug64 Itanium|x86
		Debug64|Any CPU = Debug64|Any CPU
		Debug64|Itanium = Debug64|Itanium
		Debug64|Mixed Platforms = Debug64|Mixed Platforms
		Debug64|Win32 = Debug64|Win32
		Debug64|x64 = Debug64|x64
		Debug64|x86 = Debug64|x86
		DVD-10|Any CPU = DVD-10|Any CPU
		DVD-10|Itanium = DVD-10|Itanium
		DVD-10|Mixed Platforms = DVD-10|Mixed Platforms
		DVD-10|Win32 = DVD-10|Win32
		DVD-10|x64 = DVD-10|x64
		DVD-10|x86 = DVD-10|x86
		DVD-18|Any CPU = DVD-18|Any CPU
		DVD-18|Itanium = DVD-18|Itanium
		DVD-18|Mixed Platforms = DVD-18|Mixed Platforms
		DVD-18|Win32 = DVD-18|Win32
		DVD-18|x64 = DVD-18|x64
		DVD-18|x86 = DVD-18|x86
		DVD-5|Any CPU = DVD-5|Any CPU
		DVD-5|Itanium = DVD-5|Itanium
		DVD-5|Mixed Platforms = DVD-5|Mixed Platforms
		DVD-5|Win32 = DVD-5|Win32
		DVD-5|x64 = DVD-5|x64
		DVD-5|x86 = DVD-5|x86
		DVD-9|Any CPU = DVD-9|Any CPU
		DVD-9|Itanium = DVD-9|Itanium
		DVD-9|Mixed Platforms = DVD-9|Mixed Platforms
		DVD-9|Win32 = DVD-9|Win32
		DVD-9|x64 = DVD-9|x64
		DVD-9|x86 = DVD-9|x86
		Release|Any CPU = Release|Any CPU
		Release|Itanium = Release|Itanium
		Release|Mixed Platforms = Release|Mixed Platforms
		Release|Win32 = Release|Win32
		Release|x64 = Release|x64
		Release|x86 = Release|x86
		Release64 Itanium|Any CPU = Release64 Itanium|Any CPU
		Release64 Itanium|Itanium = Release64 Itanium|Itanium
		Release64 Itanium|Mixed Platforms = Release64 Itanium|Mixed Platforms
		Release64 Itanium|Win32 = Release64 Itanium|Win32
		Release64 Itanium|x64 = Release64 Itanium|x64
		Release64 Itanium|x86 = Release64 Itanium|x86
		Release64|Any CPU = Release64|Any CPU
		Release64|Itanium = Release64|Itanium
		Release64|Mixed Platforms = Release64|Mixed Platforms
		Release64|Win32 = Release64|Win32
		Release64|x64 = Release64|x64
		Release64|x86 = Release64|x86
		SingleImage|Any CPU = SingleImage|Any CPU
		SingleImage|Itanium = SingleImage|Itanium
		SingleImage|Mixed Platforms = SingleImage|Mixed Platforms
		SingleImage|Win32 = SingleImage|Win32
		SingleImage|x64 = SingleImage|x64
		SingleImage|x86 = SingleImage|x86
		WebDeployment|Any CPU = WebDeployment|Any CPU
		WebDeployment|Itanium = WebDeployment|Itanium
		WebDeployment|Mixed Platforms = WebDeployment|Mixed Platforms
		WebDeployment|Win32 = WebDeployment|Win32
		WebDeployment|x64 = WebDeployment|x64
		WebDeployment|x86 = WebDeployment|x86
	EndGlobalSection
	GlobalSection(ProjectConfigurationPlatforms) = postSolution
		{8C810F7C-8825-46ED-94FE-95B4FCCEC26D}.CD_ROM|Any CPU.ActiveCfg = Release|Any CPU
		{8C810F7C-8825-46ED-94FE-95B4FCCEC26D}.CD_ROM|Any CPU.Build.0 = Release|Any CPU
		{8C810F7C-8825-46ED-94FE-95B4FCCEC26D}.CD_ROM|Itanium.ActiveCfg = Release|Itanium
		{8C810F7C-8825-46ED-94FE-95B4FCCEC26D}.CD_ROM|Itanium.Build.0 = Release|Itanium
		{8C810F7C-8825-46ED-94FE-95B4FCCEC26D}.CD_ROM|Mixed Platforms.ActiveCfg = Release|Any CPU
		{8C810F7C-8825-46ED-94FE-95B4FCCEC26D}.CD_ROM|Mixed Platforms.Build.0 = Release|Any CPU
		{8C810F7C-8825-46ED-94FE-95B4FCCEC26D}.CD_ROM|Win32.ActiveCfg = Release|Any CPU
		{8C810F7C-8825-46ED-94FE-95B4FCCEC26D}.CD_ROM|x64.ActiveCfg = Release|x64
		{8C810F7C-8825-46ED-94FE-95B4FCCEC26D}.CD_ROM|x64.Build.0 = Release|x64
		{8C810F7C-8825-46ED-94FE-95B4FCCEC26D}.CD_ROM|x86.ActiveCfg = Release|x86
		{8C810F7C-8825-46ED-94FE-95B4FCCEC26D}.CD_ROM|x86.Build.0 = Release|x86
		{8C810F7C-8825-46ED-94FE-95B4FCCEC26D}.Custom|Any CPU.ActiveCfg = Release|Any CPU
		{8C810F7C-8825-46ED-94FE-95B4FCCEC26D}.Custom|Any CPU.Build.0 = Release|Any CPU
		{8C810F7C-8825-46ED-94FE-95B4FCCEC26D}.Custom|Itanium.ActiveCfg = Release|Itanium
		{8C810F7C-8825-46ED-94FE-95B4FCCEC26D}.Custom|Itanium.Build.0 = Release|Itanium
		{8C810F7C-8825-46ED-94FE-95B4FCCEC26D}.Custom|Mixed Platforms.ActiveCfg = Release|Any CPU
		{8C810F7C-8825-46ED-94FE-95B4FCCEC26D}.Custom|Mixed Platforms.Build.0 = Release|Any CPU
		{8C810F7C-8825-46ED-94FE-95B4FCCEC26D}.Custom|Win32.ActiveCfg = Release|Any CPU
		{8C810F7C-8825-46ED-94FE-95B4FCCEC26D}.Custom|x64.ActiveCfg = Release|x64
		{8C810F7C-8825-46ED-94FE-95B4FCCEC26D}.Custom|x64.Build.0 = Release|x64
		{8C810F7C-8825-46ED-94FE-95B4FCCEC26D}.Custom|x86.ActiveCfg = Release|x86
		{8C810F7C-8825-46ED-94FE-95B4FCCEC26D}.Custom|x86.Build.0 = Release|x86
		{8C810F7C-8825-46ED-94FE-95B4FCCEC26D}.Debug|Any CPU.ActiveCfg = Debug|Any CPU
		{8C810F7C-8825-46ED-94FE-95B4FCCEC26D}.Debug|Any CPU.Build.0 = Debug|Any CPU
		{8C810F7C-8825-46ED-94FE-95B4FCCEC26D}.Debug|Itanium.ActiveCfg = Debug|Itanium
		{8C810F7C-8825-46ED-94FE-95B4FCCEC26D}.Debug|Itanium.Build.0 = Debug|Itanium
		{8C810F7C-8825-46ED-94FE-95B4FCCEC26D}.Debug|Mixed Platforms.ActiveCfg = Debug|Any CPU
		{8C810F7C-8825-46ED-94FE-95B4FCCEC26D}.Debug|Mixed Platforms.Build.0 = Debug|Any CPU
		{8C810F7C-8825-46ED-94FE-95B4FCCEC26D}.Debug|Win32.ActiveCfg = Debug|Any CPU
		{8C810F7C-8825-46ED-94FE-95B4FCCEC26D}.Debug|x64.ActiveCfg = Debug|x64
		{8C810F7C-8825-46ED-94FE-95B4FCCEC26D}.Debug|x64.Build.0 = Debug|x64
		{8C810F7C-8825-46ED-94FE-95B4FCCEC26D}.Debug|x86.ActiveCfg = Debug|x86
		{8C810F7C-8825-46ED-94FE-95B4FCCEC26D}.Debug|x86.Build.0 = Debug|x86
		{8C810F7C-8825-46ED-94FE-95B4FCCEC26D}.Debug64 Itanium|Any CPU.ActiveCfg = Debug|Any CPU
		{8C810F7C-8825-46ED-94FE-95B4FCCEC26D}.Debug64 Itanium|Any CPU.Build.0 = Debug|Any CPU
		{8C810F7C-8825-46ED-94FE-95B4FCCEC26D}.Debug64 Itanium|Itanium.ActiveCfg = Debug|Itanium
		{8C810F7C-8825-46ED-94FE-95B4FCCEC26D}.Debug64 Itanium|Itanium.Build.0 = Debug|Itanium
		{8C810F7C-8825-46ED-94FE-95B4FCCEC26D}.Debug64 Itanium|Mixed Platforms.ActiveCfg = Debug|Any CPU
		{8C810F7C-8825-46ED-94FE-95B4FCCEC26D}.Debug64 Itanium|Mixed Platforms.Build.0 = Debug|Any CPU
		{8C810F7C-8825-46ED-94FE-95B4FCCEC26D}.Debug64 Itanium|Win32.ActiveCfg = Debug|Any CPU
		{8C810F7C-8825-46ED-94FE-95B4FCCEC26D}.Debug64 Itanium|x64.ActiveCfg = Debug|x64
		{8C810F7C-8825-46ED-94FE-95B4FCCEC26D}.Debug64 Itanium|x64.Build.0 = Debug|x64
		{8C810F7C-8825-46ED-94FE-95B4FCCEC26D}.Debug64 Itanium|x86.ActiveCfg = Debug|x86
		{8C810F7C-8825-46ED-94FE-95B4FCCEC26D}.Debug64 Itanium|x86.Build.0 = Debug|x86
		{8C810F7C-8825-46ED-94FE-95B4FCCEC26D}.Debug64|Any CPU.ActiveCfg = Debug|Any CPU
		{8C810F7C-8825-46ED-94FE-95B4FCCEC26D}.Debug64|Any CPU.Build.0 = Debug|Any CPU
		{8C810F7C-8825-46ED-94FE-95B4FCCEC26D}.Debug64|Itanium.ActiveCfg = Debug|Itanium
		{8C810F7C-8825-46ED-94FE-95B4FCCEC26D}.Debug64|Itanium.Build.0 = Debug|Itanium
		{8C810F7C-8825-46ED-94FE-95B4FCCEC26D}.Debug64|Mixed Platforms.ActiveCfg = Debug|Any CPU
		{8C810F7C-8825-46ED-94FE-95B4FCCEC26D}.Debug64|Mixed Platforms.Build.0 = Debug|Any CPU
		{8C810F7C-8825-46ED-94FE-95B4FCCEC26D}.Debug64|Win32.ActiveCfg = Debug|Any CPU
		{8C810F7C-8825-46ED-94FE-95B4FCCEC26D}.Debug64|x64.ActiveCfg = Debug|x64
		{8C810F7C-8825-46ED-94FE-95B4FCCEC26D}.Debug64|x64.Build.0 = Debug|x64
		{8C810F7C-8825-46ED-94FE-95B4FCCEC26D}.Debug64|x86.ActiveCfg = Debug|x86
		{8C810F7C-8825-46ED-94FE-95B4FCCEC26D}.Debug64|x86.Build.0 = Debug|x86
		{8C810F7C-8825-46ED-94FE-95B4FCCEC26D}.DVD-10|Any CPU.ActiveCfg = Debug|Any CPU
		{8C810F7C-8825-46ED-94FE-95B4FCCEC26D}.DVD-10|Any CPU.Build.0 = Debug|Any CPU
		{8C810F7C-8825-46ED-94FE-95B4FCCEC26D}.DVD-10|Itanium.ActiveCfg = Debug|Itanium
		{8C810F7C-8825-46ED-94FE-95B4FCCEC26D}.DVD-10|Itanium.Build.0 = Debug|Itanium
		{8C810F7C-8825-46ED-94FE-95B4FCCEC26D}.DVD-10|Mixed Platforms.ActiveCfg = Debug|Any CPU
		{8C810F7C-8825-46ED-94FE-95B4FCCEC26D}.DVD-10|Mixed Platforms.Build.0 = Debug|Any CPU
		{8C810F7C-8825-46ED-94FE-95B4FCCEC26D}.DVD-10|Win32.ActiveCfg = Debug|Any CPU
		{8C810F7C-8825-46ED-94FE-95B4FCCEC26D}.DVD-10|x64.ActiveCfg = Debug|x64
		{8C810F7C-8825-46ED-94FE-95B4FCCEC26D}.DVD-10|x64.Build.0 = Debug|x64
		{8C810F7C-8825-46ED-94FE-95B4FCCEC26D}.DVD-10|x86.ActiveCfg = Debug|x86
		{8C810F7C-8825-46ED-94FE-95B4FCCEC26D}.DVD-10|x86.Build.0 = Debug|x86
		{8C810F7C-8825-46ED-94FE-95B4FCCEC26D}.DVD-18|Any CPU.ActiveCfg = Debug|Any CPU
		{8C810F7C-8825-46ED-94FE-95B4FCCEC26D}.DVD-18|Any CPU.Build.0 = Debug|Any CPU
		{8C810F7C-8825-46ED-94FE-95B4FCCEC26D}.DVD-18|Itanium.ActiveCfg = Debug|Itanium
		{8C810F7C-8825-46ED-94FE-95B4FCCEC26D}.DVD-18|Itanium.Build.0 = Debug|Itanium
		{8C810F7C-8825-46ED-94FE-95B4FCCEC26D}.DVD-18|Mixed Platforms.ActiveCfg = Debug|Any CPU
		{8C810F7C-8825-46ED-94FE-95B4FCCEC26D}.DVD-18|Mixed Platforms.Build.0 = Debug|Any CPU
		{8C810F7C-8825-46ED-94FE-95B4FCCEC26D}.DVD-18|Win32.ActiveCfg = Debug|Any CPU
		{8C810F7C-8825-46ED-94FE-95B4FCCEC26D}.DVD-18|x64.ActiveCfg = Debug|x64
		{8C810F7C-8825-46ED-94FE-95B4FCCEC26D}.DVD-18|x64.Build.0 = Debug|x64
		{8C810F7C-8825-46ED-94FE-95B4FCCEC26D}.DVD-18|x86.ActiveCfg = Debug|x86
		{8C810F7C-8825-46ED-94FE-95B4FCCEC26D}.DVD-18|x86.Build.0 = Debug|x86
		{8C810F7C-8825-46ED-94FE-95B4FCCEC26D}.DVD-5|Any CPU.ActiveCfg = Debug|Any CPU
		{8C810F7C-8825-46ED-94FE-95B4FCCEC26D}.DVD-5|Any CPU.Build.0 = Debug|Any CPU
		{8C810F7C-8825-46ED-94FE-95B4FCCEC26D}.DVD-5|Itanium.ActiveCfg = Debug|Itanium
		{8C810F7C-8825-46ED-94FE-95B4FCCEC26D}.DVD-5|Itanium.Build.0 = Debug|Itanium
		{8C810F7C-8825-46ED-94FE-95B4FCCEC26D}.DVD-5|Mixed Platforms.ActiveCfg = Debug|Any CPU
		{8C810F7C-8825-46ED-94FE-95B4FCCEC26D}.DVD-5|Mixed Platforms.Build.0 = Debug|Any CPU
		{8C810F7C-8825-46ED-94FE-95B4FCCEC26D}.DVD-5|Win32.ActiveCfg = Debug|Any CPU
		{8C810F7C-8825-46ED-94FE-95B4FCCEC26D}.DVD-5|x64.ActiveCfg = Debug|x64
		{8C810F7C-8825-46ED-94FE-95B4FCCEC26D}.DVD-5|x64.Build.0 = Debug|x64
		{8C810F7C-8825-46ED-94FE-95B4FCCEC26D}.DVD-5|x86.ActiveCfg = Debug|x86
		{8C810F7C-8825-46ED-94FE-95B4FCCEC26D}.DVD-5|x86.Build.0 = Debug|x86
		{8C810F7C-8825-46ED-94FE-95B4FCCEC26D}.DVD-9|Any CPU.ActiveCfg = Debug|Any CPU
		{8C810F7C-8825-46ED-94FE-95B4FCCEC26D}.DVD-9|Any CPU.Build.0 = Debug|Any CPU
		{8C810F7C-8825-46ED-94FE-95B4FCCEC26D}.DVD-9|Itanium.ActiveCfg = Debug|Itanium
		{8C810F7C-8825-46ED-94FE-95B4FCCEC26D}.DVD-9|Itanium.Build.0 = Debug|Itanium
		{8C810F7C-8825-46ED-94FE-95B4FCCEC26D}.DVD-9|Mixed Platforms.ActiveCfg = Debug|Any CPU
		{8C810F7C-8825-46ED-94FE-95B4FCCEC26D}.DVD-9|Mixed Platforms.Build.0 = Debug|Any CPU
		{8C810F7C-8825-46ED-94FE-95B4FCCEC26D}.DVD-9|Win32.ActiveCfg = Debug|Any CPU
		{8C810F7C-8825-46ED-94FE-95B4FCCEC26D}.DVD-9|x64.ActiveCfg = Debug|x64
		{8C810F7C-8825-46ED-94FE-95B4FCCEC26D}.DVD-9|x64.Build.0 = Debug|x64
		{8C810F7C-8825-46ED-94FE-95B4FCCEC26D}.DVD-9|x86.ActiveCfg = Debug|x86
		{8C810F7C-8825-46ED-94FE-95B4FCCEC26D}.DVD-9|x86.Build.0 = Debug|x86
		{8C810F7C-8825-46ED-94FE-95B4FCCEC26D}.Release|Any CPU.ActiveCfg = Release|Any CPU
		{8C810F7C-8825-46ED-94FE-95B4FCCEC26D}.Release|Any CPU.Build.0 = Release|Any CPU
		{8C810F7C-8825-46ED-94FE-95B4FCCEC26D}.Release|Itanium.ActiveCfg = Release|Itanium
		{8C810F7C-8825-46ED-94FE-95B4FCCEC26D}.Release|Itanium.Build.0 = Release|Itanium
		{8C810F7C-8825-46ED-94FE-95B4FCCEC26D}.Release|Mixed Platforms.ActiveCfg = Release|Any CPU
		{8C810F7C-8825-46ED-94FE-95B4FCCEC26D}.Release|Mixed Platforms.Build.0 = Release|Any CPU
		{8C810F7C-8825-46ED-94FE-95B4FCCEC26D}.Release|Win32.ActiveCfg = Release|Any CPU
		{8C810F7C-8825-46ED-94FE-95B4FCCEC26D}.Release|x64.ActiveCfg = Release|x64
		{8C810F7C-8825-46ED-94FE-95B4FCCEC26D}.Release|x64.Build.0 = Release|x64
		{8C810F7C-8825-46ED-94FE-95B4FCCEC26D}.Release|x86.ActiveCfg = Release|x86
		{8C810F7C-8825-46ED-94FE-95B4FCCEC26D}.Release|x86.Build.0 = Release|x86
		{8C810F7C-8825-46ED-94FE-95B4FCCEC26D}.Release64 Itanium|Any CPU.ActiveCfg = Release|Any CPU
		{8C810F7C-8825-46ED-94FE-95B4FCCEC26D}.Release64 Itanium|Any CPU.Build.0 = Release|Any CPU
		{8C810F7C-8825-46ED-94FE-95B4FCCEC26D}.Release64 Itanium|Itanium.ActiveCfg = Release|Itanium
		{8C810F7C-8825-46ED-94FE-95B4FCCEC26D}.Release64 Itanium|Itanium.Build.0 = Release|Itanium
		{8C810F7C-8825-46ED-94FE-95B4FCCEC26D}.Release64 Itanium|Mixed Platforms.ActiveCfg = Release|Any CPU
		{8C810F7C-8825-46ED-94FE-95B4FCCEC26D}.Release64 Itanium|Mixed Platforms.Build.0 = Release|Any CPU
		{8C810F7C-8825-46ED-94FE-95B4FCCEC26D}.Release64 Itanium|Win32.ActiveCfg = Release|Any CPU
		{8C810F7C-8825-46ED-94FE-95B4FCCEC26D}.Release64 Itanium|x64.ActiveCfg = Release|x64
		{8C810F7C-8825-46ED-94FE-95B4FCCEC26D}.Release64 Itanium|x64.Build.0 = Release|x64
		{8C810F7C-8825-46ED-94FE-95B4FCCEC26D}.Release64 Itanium|x86.ActiveCfg = Release|x86
		{8C810F7C-8825-46ED-94FE-95B4FCCEC26D}.Release64 Itanium|x86.Build.0 = Release|x86
		{8C810F7C-8825-46ED-94FE-95B4FCCEC26D}.Release64|Any CPU.ActiveCfg = Release|Any CPU
		{8C810F7C-8825-46ED-94FE-95B4FCCEC26D}.Release64|Any CPU.Build.0 = Release|Any CPU
		{8C810F7C-8825-46ED-94FE-95B4FCCEC26D}.Release64|Itanium.ActiveCfg = Release|Itanium
		{8C810F7C-8825-46ED-94FE-95B4FCCEC26D}.Release64|Itanium.Build.0 = Release|Itanium
		{8C810F7C-8825-46ED-94FE-95B4FCCEC26D}.Release64|Mixed Platforms.ActiveCfg = Release|Any CPU
		{8C810F7C-8825-46ED-94FE-95B4FCCEC26D}.Release64|Mixed Platforms.Build.0 = Release|Any CPU
		{8C810F7C-8825-46ED-94FE-95B4FCCEC26D}.Release64|Win32.ActiveCfg = Release|Any CPU
		{8C810F7C-8825-46ED-94FE-95B4FCCEC26D}.Release64|x64.ActiveCfg = Release|x64
		{8C810F7C-8825-46ED-94FE-95B4FCCEC26D}.Release64|x64.Build.0 = Release|x64
		{8C810F7C-8825-46ED-94FE-95B4FCCEC26D}.Release64|x86.ActiveCfg = Release|x86
		{8C810F7C-8825-46ED-94FE-95B4FCCEC26D}.Release64|x86.Build.0 = Release|x86
		{8C810F7C-8825-46ED-94FE-95B4FCCEC26D}.SingleImage|Any CPU.ActiveCfg = Release|Any CPU
		{8C810F7C-8825-46ED-94FE-95B4FCCEC26D}.SingleImage|Any CPU.Build.0 = Release|Any CPU
		{8C810F7C-8825-46ED-94FE-95B4FCCEC26D}.SingleImage|Itanium.ActiveCfg = Release|Itanium
		{8C810F7C-8825-46ED-94FE-95B4FCCEC26D}.SingleImage|Itanium.Build.0 = Release|Itanium
		{8C810F7C-8825-46ED-94FE-95B4FCCEC26D}.SingleImage|Mixed Platforms.ActiveCfg = Release|Any CPU
		{8C810F7C-8825-46ED-94FE-95B4FCCEC26D}.SingleImage|Mixed Platforms.Build.0 = Release|Any CPU
		{8C810F7C-8825-46ED-94FE-95B4FCCEC26D}.SingleImage|Win32.ActiveCfg = Release|Any CPU
		{8C810F7C-8825-46ED-94FE-95B4FCCEC26D}.SingleImage|x64.ActiveCfg = Release|x64
		{8C810F7C-8825-46ED-94FE-95B4FCCEC26D}.SingleImage|x64.Build.0 = Release|x64
		{8C810F7C-8825-46ED-94FE-95B4FCCEC26D}.SingleImage|x86.ActiveCfg = Release|x86
		{8C810F7C-8825-46ED-94FE-95B4FCCEC26D}.SingleImage|x86.Build.0 = Release|x86
		{8C810F7C-8825-46ED-94FE-95B4FCCEC26D}.WebDeployment|Any CPU.ActiveCfg = Release|Any CPU
		{8C810F7C-8825-46ED-94FE-95B4FCCEC26D}.WebDeployment|Any CPU.Build.0 = Release|Any CPU
		{8C810F7C-8825-46ED-94FE-95B4FCCEC26D}.WebDeployment|Itanium.ActiveCfg = Release|Itanium
		{8C810F7C-8825-46ED-94FE-95B4FCCEC26D}.WebDeployment|Itanium.Build.0 = Release|Itanium
		{8C810F7C-8825-46ED-94FE-95B4FCCEC26D}.WebDeployment|Mixed Platforms.ActiveCfg = Release|Any CPU
		{8C810F7C-8825-46ED-94FE-95B4FCCEC26D}.WebDeployment|Mixed Platforms.Build.0 = Release|Any CPU
		{8C810F7C-8825-46ED-94FE-95B4FCCEC26D}.WebDeployment|Win32.ActiveCfg = Release|Any CPU
		{8C810F7C-8825-46ED-94FE-95B4FCCEC26D}.WebDeployment|x64.ActiveCfg = Release|x64
		{8C810F7C-8825-46ED-94FE-95B4FCCEC26D}.WebDeployment|x64.Build.0 = Release|x64
		{8C810F7C-8825-46ED-94FE-95B4FCCEC26D}.WebDeployment|x86.ActiveCfg = Release|x86
		{8C810F7C-8825-46ED-94FE-95B4FCCEC26D}.WebDeployment|x86.Build.0 = Release|x86
		{F2B0C2DA-34D0-4334-8C5F-24CFB3C3065A}.CD_ROM|Any CPU.ActiveCfg = Release|Any CPU
		{F2B0C2DA-34D0-4334-8C5F-24CFB3C3065A}.CD_ROM|Any CPU.Build.0 = Release|Any CPU
		{F2B0C2DA-34D0-4334-8C5F-24CFB3C3065A}.CD_ROM|Itanium.ActiveCfg = Release|Any CPU
		{F2B0C2DA-34D0-4334-8C5F-24CFB3C3065A}.CD_ROM|Mixed Platforms.ActiveCfg = Release|Any CPU
		{F2B0C2DA-34D0-4334-8C5F-24CFB3C3065A}.CD_ROM|Mixed Platforms.Build.0 = Release|Any CPU
		{F2B0C2DA-34D0-4334-8C5F-24CFB3C3065A}.CD_ROM|Win32.ActiveCfg = Release|Any CPU
		{F2B0C2DA-34D0-4334-8C5F-24CFB3C3065A}.CD_ROM|x64.ActiveCfg = Release|Any CPU
		{F2B0C2DA-34D0-4334-8C5F-24CFB3C3065A}.CD_ROM|x86.ActiveCfg = Release|Any CPU
		{F2B0C2DA-34D0-4334-8C5F-24CFB3C3065A}.Custom|Any CPU.ActiveCfg = Release|Any CPU
		{F2B0C2DA-34D0-4334-8C5F-24CFB3C3065A}.Custom|Any CPU.Build.0 = Release|Any CPU
		{F2B0C2DA-34D0-4334-8C5F-24CFB3C3065A}.Custom|Itanium.ActiveCfg = Release|Any CPU
		{F2B0C2DA-34D0-4334-8C5F-24CFB3C3065A}.Custom|Mixed Platforms.ActiveCfg = Release|Any CPU
		{F2B0C2DA-34D0-4334-8C5F-24CFB3C3065A}.Custom|Mixed Platforms.Build.0 = Release|Any CPU
		{F2B0C2DA-34D0-4334-8C5F-24CFB3C3065A}.Custom|Win32.ActiveCfg = Release|Any CPU
		{F2B0C2DA-34D0-4334-8C5F-24CFB3C3065A}.Custom|x64.ActiveCfg = Release|Any CPU
		{F2B0C2DA-34D0-4334-8C5F-24CFB3C3065A}.Custom|x86.ActiveCfg = Release|Any CPU
		{F2B0C2DA-34D0-4334-8C5F-24CFB3C3065A}.Debug|Any CPU.ActiveCfg = Debug|Any CPU
		{F2B0C2DA-34D0-4334-8C5F-24CFB3C3065A}.Debug|Any CPU.Build.0 = Debug|Any CPU
		{F2B0C2DA-34D0-4334-8C5F-24CFB3C3065A}.Debug|Itanium.ActiveCfg = Debug|Any CPU
		{F2B0C2DA-34D0-4334-8C5F-24CFB3C3065A}.Debug|Mixed Platforms.ActiveCfg = Debug|Any CPU
		{F2B0C2DA-34D0-4334-8C5F-24CFB3C3065A}.Debug|Mixed Platforms.Build.0 = Debug|Any CPU
		{F2B0C2DA-34D0-4334-8C5F-24CFB3C3065A}.Debug|Win32.ActiveCfg = Debug|Any CPU
		{F2B0C2DA-34D0-4334-8C5F-24CFB3C3065A}.Debug|x64.ActiveCfg = Debug|Any CPU
		{F2B0C2DA-34D0-4334-8C5F-24CFB3C3065A}.Debug|x86.ActiveCfg = Debug|x86
		{F2B0C2DA-34D0-4334-8C5F-24CFB3C3065A}.Debug|x86.Build.0 = Debug|x86
		{F2B0C2DA-34D0-4334-8C5F-24CFB3C3065A}.Debug64 Itanium|Any CPU.ActiveCfg = Debug|Any CPU
		{F2B0C2DA-34D0-4334-8C5F-24CFB3C3065A}.Debug64 Itanium|Any CPU.Build.0 = Debug|Any CPU
		{F2B0C2DA-34D0-4334-8C5F-24CFB3C3065A}.Debug64 Itanium|Itanium.ActiveCfg = Debug|Any CPU
		{F2B0C2DA-34D0-4334-8C5F-24CFB3C3065A}.Debug64 Itanium|Mixed Platforms.ActiveCfg = Debug|Any CPU
		{F2B0C2DA-34D0-4334-8C5F-24CFB3C3065A}.Debug64 Itanium|Mixed Platforms.Build.0 = Debug|Any CPU
		{F2B0C2DA-34D0-4334-8C5F-24CFB3C3065A}.Debug64 Itanium|Win32.ActiveCfg = Debug|Any CPU
		{F2B0C2DA-34D0-4334-8C5F-24CFB3C3065A}.Debug64 Itanium|x64.ActiveCfg = Debug|Any CPU
		{F2B0C2DA-34D0-4334-8C5F-24CFB3C3065A}.Debug64 Itanium|x86.ActiveCfg = Debug|Any CPU
		{F2B0C2DA-34D0-4334-8C5F-24CFB3C3065A}.Debug64|Any CPU.ActiveCfg = Debug|Any CPU
		{F2B0C2DA-34D0-4334-8C5F-24CFB3C3065A}.Debug64|Any CPU.Build.0 = Debug|Any CPU
		{F2B0C2DA-34D0-4334-8C5F-24CFB3C3065A}.Debug64|Itanium.ActiveCfg = Debug|Any CPU
		{F2B0C2DA-34D0-4334-8C5F-24CFB3C3065A}.Debug64|Mixed Platforms.ActiveCfg = Debug|Any CPU
		{F2B0C2DA-34D0-4334-8C5F-24CFB3C3065A}.Debug64|Mixed Platforms.Build.0 = Debug|Any CPU
		{F2B0C2DA-34D0-4334-8C5F-24CFB3C3065A}.Debug64|Win32.ActiveCfg = Debug|Any CPU
		{F2B0C2DA-34D0-4334-8C5F-24CFB3C3065A}.Debug64|x64.ActiveCfg = Debug|Any CPU
		{F2B0C2DA-34D0-4334-8C5F-24CFB3C3065A}.Debug64|x86.ActiveCfg = Debug|Any CPU
		{F2B0C2DA-34D0-4334-8C5F-24CFB3C3065A}.DVD-10|Any CPU.ActiveCfg = Debug|Any CPU
		{F2B0C2DA-34D0-4334-8C5F-24CFB3C3065A}.DVD-10|Any CPU.Build.0 = Debug|Any CPU
		{F2B0C2DA-34D0-4334-8C5F-24CFB3C3065A}.DVD-10|Itanium.ActiveCfg = Debug|Any CPU
		{F2B0C2DA-34D0-4334-8C5F-24CFB3C3065A}.DVD-10|Mixed Platforms.ActiveCfg = Debug|Any CPU
		{F2B0C2DA-34D0-4334-8C5F-24CFB3C3065A}.DVD-10|Mixed Platforms.Build.0 = Debug|Any CPU
		{F2B0C2DA-34D0-4334-8C5F-24CFB3C3065A}.DVD-10|Win32.ActiveCfg = Debug|Any CPU
		{F2B0C2DA-34D0-4334-8C5F-24CFB3C3065A}.DVD-10|x64.ActiveCfg = Debug|Any CPU
		{F2B0C2DA-34D0-4334-8C5F-24CFB3C3065A}.DVD-10|x86.ActiveCfg = Debug|Any CPU
		{F2B0C2DA-34D0-4334-8C5F-24CFB3C3065A}.DVD-18|Any CPU.ActiveCfg = Debug|Any CPU
		{F2B0C2DA-34D0-4334-8C5F-24CFB3C3065A}.DVD-18|Any CPU.Build.0 = Debug|Any CPU
		{F2B0C2DA-34D0-4334-8C5F-24CFB3C3065A}.DVD-18|Itanium.ActiveCfg = Debug|Any CPU
		{F2B0C2DA-34D0-4334-8C5F-24CFB3C3065A}.DVD-18|Mixed Platforms.ActiveCfg = Debug|Any CPU
		{F2B0C2DA-34D0-4334-8C5F-24CFB3C3065A}.DVD-18|Mixed Platforms.Build.0 = Debug|Any CPU
		{F2B0C2DA-34D0-4334-8C5F-24CFB3C3065A}.DVD-18|Win32.ActiveCfg = Debug|Any CPU
		{F2B0C2DA-34D0-4334-8C5F-24CFB3C3065A}.DVD-18|x64.ActiveCfg = Debug|Any CPU
		{F2B0C2DA-34D0-4334-8C5F-24CFB3C3065A}.DVD-18|x86.ActiveCfg = Debug|Any CPU
		{F2B0C2DA-34D0-4334-8C5F-24CFB3C3065A}.DVD-5|Any CPU.ActiveCfg = Debug|Any CPU
		{F2B0C2DA-34D0-4334-8C5F-24CFB3C3065A}.DVD-5|Any CPU.Build.0 = Debug|Any CPU
		{F2B0C2DA-34D0-4334-8C5F-24CFB3C3065A}.DVD-5|Itanium.ActiveCfg = Debug|Any CPU
		{F2B0C2DA-34D0-4334-8C5F-24CFB3C3065A}.DVD-5|Mixed Platforms.ActiveCfg = Debug|Any CPU
		{F2B0C2DA-34D0-4334-8C5F-24CFB3C3065A}.DVD-5|Mixed Platforms.Build.0 = Debug|Any CPU
		{F2B0C2DA-34D0-4334-8C5F-24CFB3C3065A}.DVD-5|Win32.ActiveCfg = Debug|Any CPU
		{F2B0C2DA-34D0-4334-8C5F-24CFB3C3065A}.DVD-5|x64.ActiveCfg = Debug|Any CPU
		{F2B0C2DA-34D0-4334-8C5F-24CFB3C3065A}.DVD-5|x86.ActiveCfg = Debug|Any CPU
		{F2B0C2DA-34D0-4334-8C5F-24CFB3C3065A}.DVD-9|Any CPU.ActiveCfg = Debug|Any CPU
		{F2B0C2DA-34D0-4334-8C5F-24CFB3C3065A}.DVD-9|Any CPU.Build.0 = Debug|Any CPU
		{F2B0C2DA-34D0-4334-8C5F-24CFB3C3065A}.DVD-9|Itanium.ActiveCfg = Debug|Any CPU
		{F2B0C2DA-34D0-4334-8C5F-24CFB3C3065A}.DVD-9|Mixed Platforms.ActiveCfg = Debug|Any CPU
		{F2B0C2DA-34D0-4334-8C5F-24CFB3C3065A}.DVD-9|Mixed Platforms.Build.0 = Debug|Any CPU
		{F2B0C2DA-34D0-4334-8C5F-24CFB3C3065A}.DVD-9|Win32.ActiveCfg = Debug|Any CPU
		{F2B0C2DA-34D0-4334-8C5F-24CFB3C3065A}.DVD-9|x64.ActiveCfg = Debug|Any CPU
		{F2B0C2DA-34D0-4334-8C5F-24CFB3C3065A}.DVD-9|x86.ActiveCfg = Debug|Any CPU
		{F2B0C2DA-34D0-4334-8C5F-24CFB3C3065A}.Release|Any CPU.ActiveCfg = Release|Any CPU
		{F2B0C2DA-34D0-4334-8C5F-24CFB3C3065A}.Release|Any CPU.Build.0 = Release|Any CPU
		{F2B0C2DA-34D0-4334-8C5F-24CFB3C3065A}.Release|Itanium.ActiveCfg = Release|Any CPU
		{F2B0C2DA-34D0-4334-8C5F-24CFB3C3065A}.Release|Mixed Platforms.ActiveCfg = Release|Any CPU
		{F2B0C2DA-34D0-4334-8C5F-24CFB3C3065A}.Release|Mixed Platforms.Build.0 = Release|Any CPU
		{F2B0C2DA-34D0-4334-8C5F-24CFB3C3065A}.Release|Win32.ActiveCfg = Release|Any CPU
		{F2B0C2DA-34D0-4334-8C5F-24CFB3C3065A}.Release|x64.ActiveCfg = Release|Any CPU
		{F2B0C2DA-34D0-4334-8C5F-24CFB3C3065A}.Release|x86.ActiveCfg = Release|x86
		{F2B0C2DA-34D0-4334-8C5F-24CFB3C3065A}.Release|x86.Build.0 = Release|x86
		{F2B0C2DA-34D0-4334-8C5F-24CFB3C3065A}.Release64 Itanium|Any CPU.ActiveCfg = Release|Any CPU
		{F2B0C2DA-34D0-4334-8C5F-24CFB3C3065A}.Release64 Itanium|Any CPU.Build.0 = Release|Any CPU
		{F2B0C2DA-34D0-4334-8C5F-24CFB3C3065A}.Release64 Itanium|Itanium.ActiveCfg = Release|Any CPU
		{F2B0C2DA-34D0-4334-8C5F-24CFB3C3065A}.Release64 Itanium|Mixed Platforms.ActiveCfg = Release|Any CPU
		{F2B0C2DA-34D0-4334-8C5F-24CFB3C3065A}.Release64 Itanium|Mixed Platforms.Build.0 = Release|Any CPU
		{F2B0C2DA-34D0-4334-8C5F-24CFB3C3065A}.Release64 Itanium|Win32.ActiveCfg = Release|Any CPU
		{F2B0C2DA-34D0-4334-8C5F-24CFB3C3065A}.Release64 Itanium|x64.ActiveCfg = Release|Any CPU
		{F2B0C2DA-34D0-4334-8C5F-24CFB3C3065A}.Release64 Itanium|x86.ActiveCfg = Release|Any CPU
		{F2B0C2DA-34D0-4334-8C5F-24CFB3C3065A}.Release64|Any CPU.ActiveCfg = Release|Any CPU
		{F2B0C2DA-34D0-4334-8C5F-24CFB3C3065A}.Release64|Any CPU.Build.0 = Release|Any CPU
		{F2B0C2DA-34D0-4334-8C5F-24CFB3C3065A}.Release64|Itanium.ActiveCfg = Release|Any CPU
		{F2B0C2DA-34D0-4334-8C5F-24CFB3C3065A}.Release64|Mixed Platforms.ActiveCfg = Release|Any CPU
		{F2B0C2DA-34D0-4334-8C5F-24CFB3C3065A}.Release64|Mixed Platforms.Build.0 = Release|Any CPU
		{F2B0C2DA-34D0-4334-8C5F-24CFB3C3065A}.Release64|Win32.ActiveCfg = Release|Any CPU
		{F2B0C2DA-34D0-4334-8C5F-24CFB3C3065A}.Release64|x64.ActiveCfg = Release|Any CPU
		{F2B0C2DA-34D0-4334-8C5F-24CFB3C3065A}.Release64|x86.ActiveCfg = Release|Any CPU
		{F2B0C2DA-34D0-4334-8C5F-24CFB3C3065A}.SingleImage|Any CPU.ActiveCfg = Release|Any CPU
		{F2B0C2DA-34D0-4334-8C5F-24CFB3C3065A}.SingleImage|Any CPU.Build.0 = Release|Any CPU
		{F2B0C2DA-34D0-4334-8C5F-24CFB3C3065A}.SingleImage|Itanium.ActiveCfg = Release|Any CPU
		{F2B0C2DA-34D0-4334-8C5F-24CFB3C3065A}.SingleImage|Mixed Platforms.ActiveCfg = Release|Any CPU
		{F2B0C2DA-34D0-4334-8C5F-24CFB3C3065A}.SingleImage|Mixed Platforms.Build.0 = Release|Any CPU
		{F2B0C2DA-34D0-4334-8C5F-24CFB3C3065A}.SingleImage|Win32.ActiveCfg = Release|Any CPU
		{F2B0C2DA-34D0-4334-8C5F-24CFB3C3065A}.SingleImage|x64.ActiveCfg = Release|Any CPU
		{F2B0C2DA-34D0-4334-8C5F-24CFB3C3065A}.SingleImage|x86.ActiveCfg = Release|Any CPU
		{F2B0C2DA-34D0-4334-8C5F-24CFB3C3065A}.WebDeployment|Any CPU.ActiveCfg = Release|Any CPU
		{F2B0C2DA-34D0-4334-8C5F-24CFB3C3065A}.WebDeployment|Any CPU.Build.0 = Release|Any CPU
		{F2B0C2DA-34D0-4334-8C5F-24CFB3C3065A}.WebDeployment|Itanium.ActiveCfg = Release|Any CPU
		{F2B0C2DA-34D0-4334-8C5F-24CFB3C3065A}.WebDeployment|Mixed Platforms.ActiveCfg = Release|Any CPU
		{F2B0C2DA-34D0-4334-8C5F-24CFB3C3065A}.WebDeployment|Mixed Platforms.Build.0 = Release|Any CPU
		{F2B0C2DA-34D0-4334-8C5F-24CFB3C3065A}.WebDeployment|Win32.ActiveCfg = Release|Any CPU
		{F2B0C2DA-34D0-4334-8C5F-24CFB3C3065A}.WebDeployment|x64.ActiveCfg = Release|Any CPU
		{F2B0C2DA-34D0-4334-8C5F-24CFB3C3065A}.WebDeployment|x86.ActiveCfg = Release|Any CPU
		{4BD12DFA-B7A4-4A6F-95AB-9018D3BA40DF}.CD_ROM|Any CPU.ActiveCfg = Release|Any CPU
		{4BD12DFA-B7A4-4A6F-95AB-9018D3BA40DF}.CD_ROM|Any CPU.Build.0 = Release|Any CPU
		{4BD12DFA-B7A4-4A6F-95AB-9018D3BA40DF}.CD_ROM|Itanium.ActiveCfg = Release|Any CPU
		{4BD12DFA-B7A4-4A6F-95AB-9018D3BA40DF}.CD_ROM|Mixed Platforms.ActiveCfg = Release|Any CPU
		{4BD12DFA-B7A4-4A6F-95AB-9018D3BA40DF}.CD_ROM|Mixed Platforms.Build.0 = Release|Any CPU
		{4BD12DFA-B7A4-4A6F-95AB-9018D3BA40DF}.CD_ROM|Win32.ActiveCfg = Release|Any CPU
		{4BD12DFA-B7A4-4A6F-95AB-9018D3BA40DF}.CD_ROM|x64.ActiveCfg = Release|Any CPU
		{4BD12DFA-B7A4-4A6F-95AB-9018D3BA40DF}.CD_ROM|x86.ActiveCfg = Release|Any CPU
		{4BD12DFA-B7A4-4A6F-95AB-9018D3BA40DF}.Custom|Any CPU.ActiveCfg = Release|Any CPU
		{4BD12DFA-B7A4-4A6F-95AB-9018D3BA40DF}.Custom|Any CPU.Build.0 = Release|Any CPU
		{4BD12DFA-B7A4-4A6F-95AB-9018D3BA40DF}.Custom|Itanium.ActiveCfg = Release|Any CPU
		{4BD12DFA-B7A4-4A6F-95AB-9018D3BA40DF}.Custom|Mixed Platforms.ActiveCfg = Release|Any CPU
		{4BD12DFA-B7A4-4A6F-95AB-9018D3BA40DF}.Custom|Mixed Platforms.Build.0 = Release|Any CPU
		{4BD12DFA-B7A4-4A6F-95AB-9018D3BA40DF}.Custom|Win32.ActiveCfg = Release|Any CPU
		{4BD12DFA-B7A4-4A6F-95AB-9018D3BA40DF}.Custom|x64.ActiveCfg = Release|Any CPU
		{4BD12DFA-B7A4-4A6F-95AB-9018D3BA40DF}.Custom|x86.ActiveCfg = Release|Any CPU
		{4BD12DFA-B7A4-4A6F-95AB-9018D3BA40DF}.Debug|Any CPU.ActiveCfg = Debug|Any CPU
		{4BD12DFA-B7A4-4A6F-95AB-9018D3BA40DF}.Debug|Any CPU.Build.0 = Debug|Any CPU
		{4BD12DFA-B7A4-4A6F-95AB-9018D3BA40DF}.Debug|Itanium.ActiveCfg = Debug|Any CPU
		{4BD12DFA-B7A4-4A6F-95AB-9018D3BA40DF}.Debug|Mixed Platforms.ActiveCfg = Debug|Any CPU
		{4BD12DFA-B7A4-4A6F-95AB-9018D3BA40DF}.Debug|Mixed Platforms.Build.0 = Debug|Any CPU
		{4BD12DFA-B7A4-4A6F-95AB-9018D3BA40DF}.Debug|Win32.ActiveCfg = Debug|Any CPU
		{4BD12DFA-B7A4-4A6F-95AB-9018D3BA40DF}.Debug|x64.ActiveCfg = Debug|Any CPU
		{4BD12DFA-B7A4-4A6F-95AB-9018D3BA40DF}.Debug|x86.ActiveCfg = Debug|x86
		{4BD12DFA-B7A4-4A6F-95AB-9018D3BA40DF}.Debug|x86.Build.0 = Debug|x86
		{4BD12DFA-B7A4-4A6F-95AB-9018D3BA40DF}.Debug64 Itanium|Any CPU.ActiveCfg = Debug|Any CPU
		{4BD12DFA-B7A4-4A6F-95AB-9018D3BA40DF}.Debug64 Itanium|Any CPU.Build.0 = Debug|Any CPU
		{4BD12DFA-B7A4-4A6F-95AB-9018D3BA40DF}.Debug64 Itanium|Itanium.ActiveCfg = Debug|Any CPU
		{4BD12DFA-B7A4-4A6F-95AB-9018D3BA40DF}.Debug64 Itanium|Mixed Platforms.ActiveCfg = Debug|Any CPU
		{4BD12DFA-B7A4-4A6F-95AB-9018D3BA40DF}.Debug64 Itanium|Mixed Platforms.Build.0 = Debug|Any CPU
		{4BD12DFA-B7A4-4A6F-95AB-9018D3BA40DF}.Debug64 Itanium|Win32.ActiveCfg = Debug|Any CPU
		{4BD12DFA-B7A4-4A6F-95AB-9018D3BA40DF}.Debug64 Itanium|x64.ActiveCfg = Debug|Any CPU
		{4BD12DFA-B7A4-4A6F-95AB-9018D3BA40DF}.Debug64 Itanium|x86.ActiveCfg = Debug|Any CPU
		{4BD12DFA-B7A4-4A6F-95AB-9018D3BA40DF}.Debug64|Any CPU.ActiveCfg = Debug|Any CPU
		{4BD12DFA-B7A4-4A6F-95AB-9018D3BA40DF}.Debug64|Any CPU.Build.0 = Debug|Any CPU
		{4BD12DFA-B7A4-4A6F-95AB-9018D3BA40DF}.Debug64|Itanium.ActiveCfg = Debug|Any CPU
		{4BD12DFA-B7A4-4A6F-95AB-9018D3BA40DF}.Debug64|Mixed Platforms.ActiveCfg = Debug|Any CPU
		{4BD12DFA-B7A4-4A6F-95AB-9018D3BA40DF}.Debug64|Mixed Platforms.Build.0 = Debug|Any CPU
		{4BD12DFA-B7A4-4A6F-95AB-9018D3BA40DF}.Debug64|Win32.ActiveCfg = Debug|Any CPU
		{4BD12DFA-B7A4-4A6F-95AB-9018D3BA40DF}.Debug64|x64.ActiveCfg = Debug|Any CPU
		{4BD12DFA-B7A4-4A6F-95AB-9018D3BA40DF}.Debug64|x86.ActiveCfg = Debug|Any CPU
		{4BD12DFA-B7A4-4A6F-95AB-9018D3BA40DF}.DVD-10|Any CPU.ActiveCfg = Debug|Any CPU
		{4BD12DFA-B7A4-4A6F-95AB-9018D3BA40DF}.DVD-10|Any CPU.Build.0 = Debug|Any CPU
		{4BD12DFA-B7A4-4A6F-95AB-9018D3BA40DF}.DVD-10|Itanium.ActiveCfg = Debug|Any CPU
		{4BD12DFA-B7A4-4A6F-95AB-9018D3BA40DF}.DVD-10|Mixed Platforms.ActiveCfg = Debug|Any CPU
		{4BD12DFA-B7A4-4A6F-95AB-9018D3BA40DF}.DVD-10|Mixed Platforms.Build.0 = Debug|Any CPU
		{4BD12DFA-B7A4-4A6F-95AB-9018D3BA40DF}.DVD-10|Win32.ActiveCfg = Debug|Any CPU
		{4BD12DFA-B7A4-4A6F-95AB-9018D3BA40DF}.DVD-10|x64.ActiveCfg = Debug|Any CPU
		{4BD12DFA-B7A4-4A6F-95AB-9018D3BA40DF}.DVD-10|x86.ActiveCfg = Debug|Any CPU
		{4BD12DFA-B7A4-4A6F-95AB-9018D3BA40DF}.DVD-18|Any CPU.ActiveCfg = Debug|Any CPU
		{4BD12DFA-B7A4-4A6F-95AB-9018D3BA40DF}.DVD-18|Any CPU.Build.0 = Debug|Any CPU
		{4BD12DFA-B7A4-4A6F-95AB-9018D3BA40DF}.DVD-18|Itanium.ActiveCfg = Debug|Any CPU
		{4BD12DFA-B7A4-4A6F-95AB-9018D3BA40DF}.DVD-18|Mixed Platforms.ActiveCfg = Debug|Any CPU
		{4BD12DFA-B7A4-4A6F-95AB-9018D3BA40DF}.DVD-18|Mixed Platforms.Build.0 = Debug|Any CPU
		{4BD12DFA-B7A4-4A6F-95AB-9018D3BA40DF}.DVD-18|Win32.ActiveCfg = Debug|Any CPU
		{4BD12DFA-B7A4-4A6F-95AB-9018D3BA40DF}.DVD-18|x64.ActiveCfg = Debug|Any CPU
		{4BD12DFA-B7A4-4A6F-95AB-9018D3BA40DF}.DVD-18|x86.ActiveCfg = Debug|Any CPU
		{4BD12DFA-B7A4-4A6F-95AB-9018D3BA40DF}.DVD-5|Any CPU.ActiveCfg = Debug|Any CPU
		{4BD12DFA-B7A4-4A6F-95AB-9018D3BA40DF}.DVD-5|Any CPU.Build.0 = Debug|Any CPU
		{4BD12DFA-B7A4-4A6F-95AB-9018D3BA40DF}.DVD-5|Itanium.ActiveCfg = Debug|Any CPU
		{4BD12DFA-B7A4-4A6F-95AB-9018D3BA40DF}.DVD-5|Mixed Platforms.ActiveCfg = Debug|Any CPU
		{4BD12DFA-B7A4-4A6F-95AB-9018D3BA40DF}.DVD-5|Mixed Platforms.Build.0 = Debug|Any CPU
		{4BD12DFA-B7A4-4A6F-95AB-9018D3BA40DF}.DVD-5|Win32.ActiveCfg = Debug|Any CPU
		{4BD12DFA-B7A4-4A6F-95AB-9018D3BA40DF}.DVD-5|x64.ActiveCfg = Debug|Any CPU
		{4BD12DFA-B7A4-4A6F-95AB-9018D3BA40DF}.DVD-5|x86.ActiveCfg = Debug|Any CPU
		{4BD12DFA-B7A4-4A6F-95AB-9018D3BA40DF}.DVD-9|Any CPU.ActiveCfg = Debug|Any CPU
		{4BD12DFA-B7A4-4A6F-95AB-9018D3BA40DF}.DVD-9|Any CPU.Build.0 = Debug|Any CPU
		{4BD12DFA-B7A4-4A6F-95AB-9018D3BA40DF}.DVD-9|Itanium.ActiveCfg = Debug|Any CPU
		{4BD12DFA-B7A4-4A6F-95AB-9018D3BA40DF}.DVD-9|Mixed Platforms.ActiveCfg = Debug|Any CPU
		{4BD12DFA-B7A4-4A6F-95AB-9018D3BA40DF}.DVD-9|Mixed Platforms.Build.0 = Debug|Any CPU
		{4BD12DFA-B7A4-4A6F-95AB-9018D3BA40DF}.DVD-9|Win32.ActiveCfg = Debug|Any CPU
		{4BD12DFA-B7A4-4A6F-95AB-9018D3BA40DF}.DVD-9|x64.ActiveCfg = Debug|Any CPU
		{4BD12DFA-B7A4-4A6F-95AB-9018D3BA40DF}.DVD-9|x86.ActiveCfg = Debug|Any CPU
		{4BD12DFA-B7A4-4A6F-95AB-9018D3BA40DF}.Release|Any CPU.ActiveCfg = Release|Any CPU
		{4BD12DFA-B7A4-4A6F-95AB-9018D3BA40DF}.Release|Any CPU.Build.0 = Release|Any CPU
		{4BD12DFA-B7A4-4A6F-95AB-9018D3BA40DF}.Release|Itanium.ActiveCfg = Release|Any CPU
		{4BD12DFA-B7A4-4A6F-95AB-9018D3BA40DF}.Release|Mixed Platforms.ActiveCfg = Release|Any CPU
		{4BD12DFA-B7A4-4A6F-95AB-9018D3BA40DF}.Release|Mixed Platforms.Build.0 = Release|Any CPU
		{4BD12DFA-B7A4-4A6F-95AB-9018D3BA40DF}.Release|Win32.ActiveCfg = Release|Any CPU
		{4BD12DFA-B7A4-4A6F-95AB-9018D3BA40DF}.Release|x64.ActiveCfg = Release|Any CPU
		{4BD12DFA-B7A4-4A6F-95AB-9018D3BA40DF}.Release|x86.ActiveCfg = Release|x86
		{4BD12DFA-B7A4-4A6F-95AB-9018D3BA40DF}.Release|x86.Build.0 = Release|x86
		{4BD12DFA-B7A4-4A6F-95AB-9018D3BA40DF}.Release64 Itanium|Any CPU.ActiveCfg = Release|Any CPU
		{4BD12DFA-B7A4-4A6F-95AB-9018D3BA40DF}.Release64 Itanium|Any CPU.Build.0 = Release|Any CPU
		{4BD12DFA-B7A4-4A6F-95AB-9018D3BA40DF}.Release64 Itanium|Itanium.ActiveCfg = Release|Any CPU
		{4BD12DFA-B7A4-4A6F-95AB-9018D3BA40DF}.Release64 Itanium|Mixed Platforms.ActiveCfg = Release|Any CPU
		{4BD12DFA-B7A4-4A6F-95AB-9018D3BA40DF}.Release64 Itanium|Mixed Platforms.Build.0 = Release|Any CPU
		{4BD12DFA-B7A4-4A6F-95AB-9018D3BA40DF}.Release64 Itanium|Win32.ActiveCfg = Release|Any CPU
		{4BD12DFA-B7A4-4A6F-95AB-9018D3BA40DF}.Release64 Itanium|x64.ActiveCfg = Release|Any CPU
		{4BD12DFA-B7A4-4A6F-95AB-9018D3BA40DF}.Release64 Itanium|x86.ActiveCfg = Release|Any CPU
		{4BD12DFA-B7A4-4A6F-95AB-9018D3BA40DF}.Release64|Any CPU.ActiveCfg = Release|Any CPU
		{4BD12DFA-B7A4-4A6F-95AB-9018D3BA40DF}.Release64|Any CPU.Build.0 = Release|Any CPU
		{4BD12DFA-B7A4-4A6F-95AB-9018D3BA40DF}.Release64|Itanium.ActiveCfg = Release|Any CPU
		{4BD12DFA-B7A4-4A6F-95AB-9018D3BA40DF}.Release64|Mixed Platforms.ActiveCfg = Release|Any CPU
		{4BD12DFA-B7A4-4A6F-95AB-9018D3BA40DF}.Release64|Mixed Platforms.Build.0 = Release|Any CPU
		{4BD12DFA-B7A4-4A6F-95AB-9018D3BA40DF}.Release64|Win32.ActiveCfg = Release|Any CPU
		{4BD12DFA-B7A4-4A6F-95AB-9018D3BA40DF}.Release64|x64.ActiveCfg = Release|Any CPU
		{4BD12DFA-B7A4-4A6F-95AB-9018D3BA40DF}.Release64|x86.ActiveCfg = Release|Any CPU
		{4BD12DFA-B7A4-4A6F-95AB-9018D3BA40DF}.SingleImage|Any CPU.ActiveCfg = Release|Any CPU
		{4BD12DFA-B7A4-4A6F-95AB-9018D3BA40DF}.SingleImage|Any CPU.Build.0 = Release|Any CPU
		{4BD12DFA-B7A4-4A6F-95AB-9018D3BA40DF}.SingleImage|Itanium.ActiveCfg = Release|Any CPU
		{4BD12DFA-B7A4-4A6F-95AB-9018D3BA40DF}.SingleImage|Mixed Platforms.ActiveCfg = Release|Any CPU
		{4BD12DFA-B7A4-4A6F-95AB-9018D3BA40DF}.SingleImage|Mixed Platforms.Build.0 = Release|Any CPU
		{4BD12DFA-B7A4-4A6F-95AB-9018D3BA40DF}.SingleImage|Win32.ActiveCfg = Release|Any CPU
		{4BD12DFA-B7A4-4A6F-95AB-9018D3BA40DF}.SingleImage|x64.ActiveCfg = Release|Any CPU
		{4BD12DFA-B7A4-4A6F-95AB-9018D3BA40DF}.SingleImage|x86.ActiveCfg = Release|Any CPU
		{4BD12DFA-B7A4-4A6F-95AB-9018D3BA40DF}.WebDeployment|Any CPU.ActiveCfg = Release|Any CPU
		{4BD12DFA-B7A4-4A6F-95AB-9018D3BA40DF}.WebDeployment|Any CPU.Build.0 = Release|Any CPU
		{4BD12DFA-B7A4-4A6F-95AB-9018D3BA40DF}.WebDeployment|Itanium.ActiveCfg = Release|Any CPU
		{4BD12DFA-B7A4-4A6F-95AB-9018D3BA40DF}.WebDeployment|Mixed Platforms.ActiveCfg = Release|Any CPU
		{4BD12DFA-B7A4-4A6F-95AB-9018D3BA40DF}.WebDeployment|Mixed Platforms.Build.0 = Release|Any CPU
		{4BD12DFA-B7A4-4A6F-95AB-9018D3BA40DF}.WebDeployment|Win32.ActiveCfg = Release|Any CPU
		{4BD12DFA-B7A4-4A6F-95AB-9018D3BA40DF}.WebDeployment|x64.ActiveCfg = Release|Any CPU
		{4BD12DFA-B7A4-4A6F-95AB-9018D3BA40DF}.WebDeployment|x86.ActiveCfg = Release|Any CPU
		{BDDA0588-AC59-4513-9717-B10771657970}.CD_ROM|Any CPU.ActiveCfg = Release|Any CPU
		{BDDA0588-AC59-4513-9717-B10771657970}.CD_ROM|Any CPU.Build.0 = Release|Any CPU
		{BDDA0588-AC59-4513-9717-B10771657970}.CD_ROM|Itanium.ActiveCfg = Release|Any CPU
		{BDDA0588-AC59-4513-9717-B10771657970}.CD_ROM|Mixed Platforms.ActiveCfg = Release|Any CPU
		{BDDA0588-AC59-4513-9717-B10771657970}.CD_ROM|Mixed Platforms.Build.0 = Release|Any CPU
		{BDDA0588-AC59-4513-9717-B10771657970}.CD_ROM|Win32.ActiveCfg = Release|Any CPU
		{BDDA0588-AC59-4513-9717-B10771657970}.CD_ROM|x64.ActiveCfg = Release|Any CPU
		{BDDA0588-AC59-4513-9717-B10771657970}.CD_ROM|x86.ActiveCfg = Release|Any CPU
		{BDDA0588-AC59-4513-9717-B10771657970}.Custom|Any CPU.ActiveCfg = Release|Any CPU
		{BDDA0588-AC59-4513-9717-B10771657970}.Custom|Any CPU.Build.0 = Release|Any CPU
		{BDDA0588-AC59-4513-9717-B10771657970}.Custom|Itanium.ActiveCfg = Release|Any CPU
		{BDDA0588-AC59-4513-9717-B10771657970}.Custom|Mixed Platforms.ActiveCfg = Release|Any CPU
		{BDDA0588-AC59-4513-9717-B10771657970}.Custom|Mixed Platforms.Build.0 = Release|Any CPU
		{BDDA0588-AC59-4513-9717-B10771657970}.Custom|Win32.ActiveCfg = Release|Any CPU
		{BDDA0588-AC59-4513-9717-B10771657970}.Custom|x64.ActiveCfg = Release|Any CPU
		{BDDA0588-AC59-4513-9717-B10771657970}.Custom|x86.ActiveCfg = Release|Any CPU
		{BDDA0588-AC59-4513-9717-B10771657970}.Debug|Any CPU.ActiveCfg = Debug|Any CPU
		{BDDA0588-AC59-4513-9717-B10771657970}.Debug|Any CPU.Build.0 = Debug|Any CPU
		{BDDA0588-AC59-4513-9717-B10771657970}.Debug|Itanium.ActiveCfg = Debug|Any CPU
		{BDDA0588-AC59-4513-9717-B10771657970}.Debug|Mixed Platforms.ActiveCfg = Debug|Any CPU
		{BDDA0588-AC59-4513-9717-B10771657970}.Debug|Mixed Platforms.Build.0 = Debug|Any CPU
		{BDDA0588-AC59-4513-9717-B10771657970}.Debug|Win32.ActiveCfg = Debug|Any CPU
		{BDDA0588-AC59-4513-9717-B10771657970}.Debug|x64.ActiveCfg = Debug|Any CPU
		{BDDA0588-AC59-4513-9717-B10771657970}.Debug|x86.ActiveCfg = Debug|x86
		{BDDA0588-AC59-4513-9717-B10771657970}.Debug|x86.Build.0 = Debug|x86
		{BDDA0588-AC59-4513-9717-B10771657970}.Debug64 Itanium|Any CPU.ActiveCfg = Debug|Any CPU
		{BDDA0588-AC59-4513-9717-B10771657970}.Debug64 Itanium|Any CPU.Build.0 = Debug|Any CPU
		{BDDA0588-AC59-4513-9717-B10771657970}.Debug64 Itanium|Itanium.ActiveCfg = Debug|Any CPU
		{BDDA0588-AC59-4513-9717-B10771657970}.Debug64 Itanium|Mixed Platforms.ActiveCfg = Debug|Any CPU
		{BDDA0588-AC59-4513-9717-B10771657970}.Debug64 Itanium|Mixed Platforms.Build.0 = Debug|Any CPU
		{BDDA0588-AC59-4513-9717-B10771657970}.Debug64 Itanium|Win32.ActiveCfg = Debug|Any CPU
		{BDDA0588-AC59-4513-9717-B10771657970}.Debug64 Itanium|x64.ActiveCfg = Debug|Any CPU
		{BDDA0588-AC59-4513-9717-B10771657970}.Debug64 Itanium|x86.ActiveCfg = Debug|Any CPU
		{BDDA0588-AC59-4513-9717-B10771657970}.Debug64|Any CPU.ActiveCfg = Debug|Any CPU
		{BDDA0588-AC59-4513-9717-B10771657970}.Debug64|Any CPU.Build.0 = Debug|Any CPU
		{BDDA0588-AC59-4513-9717-B10771657970}.Debug64|Itanium.ActiveCfg = Debug|Any CPU
		{BDDA0588-AC59-4513-9717-B10771657970}.Debug64|Mixed Platforms.ActiveCfg = Debug|Any CPU
		{BDDA0588-AC59-4513-9717-B10771657970}.Debug64|Mixed Platforms.Build.0 = Debug|Any CPU
		{BDDA0588-AC59-4513-9717-B10771657970}.Debug64|Win32.ActiveCfg = Debug|Any CPU
		{BDDA0588-AC59-4513-9717-B10771657970}.Debug64|x64.ActiveCfg = Debug|Any CPU
		{BDDA0588-AC59-4513-9717-B10771657970}.Debug64|x86.ActiveCfg = Debug|Any CPU
		{BDDA0588-AC59-4513-9717-B10771657970}.DVD-10|Any CPU.ActiveCfg = Debug|Any CPU
		{BDDA0588-AC59-4513-9717-B10771657970}.DVD-10|Any CPU.Build.0 = Debug|Any CPU
		{BDDA0588-AC59-4513-9717-B10771657970}.DVD-10|Itanium.ActiveCfg = Debug|Any CPU
		{BDDA0588-AC59-4513-9717-B10771657970}.DVD-10|Mixed Platforms.ActiveCfg = Debug|Any CPU
		{BDDA0588-AC59-4513-9717-B10771657970}.DVD-10|Mixed Platforms.Build.0 = Debug|Any CPU
		{BDDA0588-AC59-4513-9717-B10771657970}.DVD-10|Win32.ActiveCfg = Debug|Any CPU
		{BDDA0588-AC59-4513-9717-B10771657970}.DVD-10|x64.ActiveCfg = Debug|Any CPU
		{BDDA0588-AC59-4513-9717-B10771657970}.DVD-10|x86.ActiveCfg = Debug|Any CPU
		{BDDA0588-AC59-4513-9717-B10771657970}.DVD-18|Any CPU.ActiveCfg = Debug|Any CPU
		{BDDA0588-AC59-4513-9717-B10771657970}.DVD-18|Any CPU.Build.0 = Debug|Any CPU
		{BDDA0588-AC59-4513-9717-B10771657970}.DVD-18|Itanium.ActiveCfg = Debug|Any CPU
		{BDDA0588-AC59-4513-9717-B10771657970}.DVD-18|Mixed Platforms.ActiveCfg = Debug|Any CPU
		{BDDA0588-AC59-4513-9717-B10771657970}.DVD-18|Mixed Platforms.Build.0 = Debug|Any CPU
		{BDDA0588-AC59-4513-9717-B10771657970}.DVD-18|Win32.ActiveCfg = Debug|Any CPU
		{BDDA0588-AC59-4513-9717-B10771657970}.DVD-18|x64.ActiveCfg = Debug|Any CPU
		{BDDA0588-AC59-4513-9717-B10771657970}.DVD-18|x86.ActiveCfg = Debug|Any CPU
		{BDDA0588-AC59-4513-9717-B10771657970}.DVD-5|Any CPU.ActiveCfg = Debug|Any CPU
		{BDDA0588-AC59-4513-9717-B10771657970}.DVD-5|Any CPU.Build.0 = Debug|Any CPU
		{BDDA0588-AC59-4513-9717-B10771657970}.DVD-5|Itanium.ActiveCfg = Debug|Any CPU
		{BDDA0588-AC59-4513-9717-B10771657970}.DVD-5|Mixed Platforms.ActiveCfg = Debug|Any CPU
		{BDDA0588-AC59-4513-9717-B10771657970}.DVD-5|Mixed Platforms.Build.0 = Debug|Any CPU
		{BDDA0588-AC59-4513-9717-B10771657970}.DVD-5|Win32.ActiveCfg = Debug|Any CPU
		{BDDA0588-AC59-4513-9717-B10771657970}.DVD-5|x64.ActiveCfg = Debug|Any CPU
		{BDDA0588-AC59-4513-9717-B10771657970}.DVD-5|x86.ActiveCfg = Debug|Any CPU
		{BDDA0588-AC59-4513-9717-B10771657970}.DVD-9|Any CPU.ActiveCfg = Debug|Any CPU
		{BDDA0588-AC59-4513-9717-B10771657970}.DVD-9|Any CPU.Build.0 = Debug|Any CPU
		{BDDA0588-AC59-4513-9717-B10771657970}.DVD-9|Itanium.ActiveCfg = Debug|Any CPU
		{BDDA0588-AC59-4513-9717-B10771657970}.DVD-9|Mixed Platforms.ActiveCfg = Debug|Any CPU
		{BDDA0588-AC59-4513-9717-B10771657970}.DVD-9|Mixed Platforms.Build.0 = Debug|Any CPU
		{BDDA0588-AC59-4513-9717-B10771657970}.DVD-9|Win32.ActiveCfg = Debug|Any CPU
		{BDDA0588-AC59-4513-9717-B10771657970}.DVD-9|x64.ActiveCfg = Debug|Any CPU
		{BDDA0588-AC59-4513-9717-B10771657970}.DVD-9|x86.ActiveCfg = Debug|Any CPU
		{BDDA0588-AC59-4513-9717-B10771657970}.Release|Any CPU.ActiveCfg = Release|Any CPU
		{BDDA0588-AC59-4513-9717-B10771657970}.Release|Any CPU.Build.0 = Release|Any CPU
		{BDDA0588-AC59-4513-9717-B10771657970}.Release|Itanium.ActiveCfg = Release|Any CPU
		{BDDA0588-AC59-4513-9717-B10771657970}.Release|Mixed Platforms.ActiveCfg = Release|Any CPU
		{BDDA0588-AC59-4513-9717-B10771657970}.Release|Mixed Platforms.Build.0 = Release|Any CPU
		{BDDA0588-AC59-4513-9717-B10771657970}.Release|Win32.ActiveCfg = Release|Any CPU
		{BDDA0588-AC59-4513-9717-B10771657970}.Release|x64.ActiveCfg = Release|Any CPU
		{BDDA0588-AC59-4513-9717-B10771657970}.Release|x86.ActiveCfg = Release|x86
		{BDDA0588-AC59-4513-9717-B10771657970}.Release|x86.Build.0 = Release|x86
		{BDDA0588-AC59-4513-9717-B10771657970}.Release64 Itanium|Any CPU.ActiveCfg = Release|Any CPU
		{BDDA0588-AC59-4513-9717-B10771657970}.Release64 Itanium|Any CPU.Build.0 = Release|Any CPU
		{BDDA0588-AC59-4513-9717-B10771657970}.Release64 Itanium|Itanium.ActiveCfg = Release|Any CPU
		{BDDA0588-AC59-4513-9717-B10771657970}.Release64 Itanium|Mixed Platforms.ActiveCfg = Release|Any CPU
		{BDDA0588-AC59-4513-9717-B10771657970}.Release64 Itanium|Mixed Platforms.Build.0 = Release|Any CPU
		{BDDA0588-AC59-4513-9717-B10771657970}.Release64 Itanium|Win32.ActiveCfg = Release|Any CPU
		{BDDA0588-AC59-4513-9717-B10771657970}.Release64 Itanium|x64.ActiveCfg = Release|Any CPU
		{BDDA0588-AC59-4513-9717-B10771657970}.Release64 Itanium|x86.ActiveCfg = Release|Any CPU
		{BDDA0588-AC59-4513-9717-B10771657970}.Release64|Any CPU.ActiveCfg = Release|Any CPU
		{BDDA0588-AC59-4513-9717-B10771657970}.Release64|Any CPU.Build.0 = Release|Any CPU
		{BDDA0588-AC59-4513-9717-B10771657970}.Release64|Itanium.ActiveCfg = Release|Any CPU
		{BDDA0588-AC59-4513-9717-B10771657970}.Release64|Mixed Platforms.ActiveCfg = Release|Any CPU
		{BDDA0588-AC59-4513-9717-B10771657970}.Release64|Mixed Platforms.Build.0 = Release|Any CPU
		{BDDA0588-AC59-4513-9717-B10771657970}.Release64|Win32.ActiveCfg = Release|Any CPU
		{BDDA0588-AC59-4513-9717-B10771657970}.Release64|x64.ActiveCfg = Release|Any CPU
		{BDDA0588-AC59-4513-9717-B10771657970}.Release64|x86.ActiveCfg = Release|Any CPU
		{BDDA0588-AC59-4513-9717-B10771657970}.SingleImage|Any CPU.ActiveCfg = Release|Any CPU
		{BDDA0588-AC59-4513-9717-B10771657970}.SingleImage|Any CPU.Build.0 = Release|Any CPU
		{BDDA0588-AC59-4513-9717-B10771657970}.SingleImage|Itanium.ActiveCfg = Release|Any CPU
		{BDDA0588-AC59-4513-9717-B10771657970}.SingleImage|Mixed Platforms.ActiveCfg = Release|Any CPU
		{BDDA0588-AC59-4513-9717-B10771657970}.SingleImage|Mixed Platforms.Build.0 = Release|Any CPU
		{BDDA0588-AC59-4513-9717-B10771657970}.SingleImage|Win32.ActiveCfg = Release|Any CPU
		{BDDA0588-AC59-4513-9717-B10771657970}.SingleImage|x64.ActiveCfg = Release|Any CPU
		{BDDA0588-AC59-4513-9717-B10771657970}.SingleImage|x86.ActiveCfg = Release|Any CPU
		{BDDA0588-AC59-4513-9717-B10771657970}.WebDeployment|Any CPU.ActiveCfg = Release|Any CPU
		{BDDA0588-AC59-4513-9717-B10771657970}.WebDeployment|Any CPU.Build.0 = Release|Any CPU
		{BDDA0588-AC59-4513-9717-B10771657970}.WebDeployment|Itanium.ActiveCfg = Release|Any CPU
		{BDDA0588-AC59-4513-9717-B10771657970}.WebDeployment|Mixed Platforms.ActiveCfg = Release|Any CPU
		{BDDA0588-AC59-4513-9717-B10771657970}.WebDeployment|Mixed Platforms.Build.0 = Release|Any CPU
		{BDDA0588-AC59-4513-9717-B10771657970}.WebDeployment|Win32.ActiveCfg = Release|Any CPU
		{BDDA0588-AC59-4513-9717-B10771657970}.WebDeployment|x64.ActiveCfg = Release|Any CPU
		{BDDA0588-AC59-4513-9717-B10771657970}.WebDeployment|x86.ActiveCfg = Release|Any CPU
		{46894D25-5A60-4E85-959D-3FB69EE4F2B8}.CD_ROM|Any CPU.ActiveCfg = Release|x86
		{46894D25-5A60-4E85-959D-3FB69EE4F2B8}.CD_ROM|Itanium.ActiveCfg = Release|x86
		{46894D25-5A60-4E85-959D-3FB69EE4F2B8}.CD_ROM|Mixed Platforms.ActiveCfg = Release|x86
		{46894D25-5A60-4E85-959D-3FB69EE4F2B8}.CD_ROM|Mixed Platforms.Build.0 = Release|x86
		{46894D25-5A60-4E85-959D-3FB69EE4F2B8}.CD_ROM|Win32.ActiveCfg = Release|x86
		{46894D25-5A60-4E85-959D-3FB69EE4F2B8}.CD_ROM|x64.ActiveCfg = Release|x86
		{46894D25-5A60-4E85-959D-3FB69EE4F2B8}.CD_ROM|x86.ActiveCfg = Release|x86
		{46894D25-5A60-4E85-959D-3FB69EE4F2B8}.CD_ROM|x86.Build.0 = Release|x86
		{46894D25-5A60-4E85-959D-3FB69EE4F2B8}.Custom|Any CPU.ActiveCfg = Release|x86
		{46894D25-5A60-4E85-959D-3FB69EE4F2B8}.Custom|Itanium.ActiveCfg = Release|x86
		{46894D25-5A60-4E85-959D-3FB69EE4F2B8}.Custom|Mixed Platforms.ActiveCfg = Release|x86
		{46894D25-5A60-4E85-959D-3FB69EE4F2B8}.Custom|Mixed Platforms.Build.0 = Release|x86
		{46894D25-5A60-4E85-959D-3FB69EE4F2B8}.Custom|Win32.ActiveCfg = Release|x86
		{46894D25-5A60-4E85-959D-3FB69EE4F2B8}.Custom|x64.ActiveCfg = Release|x86
		{46894D25-5A60-4E85-959D-3FB69EE4F2B8}.Custom|x86.ActiveCfg = Release|x86
		{46894D25-5A60-4E85-959D-3FB69EE4F2B8}.Custom|x86.Build.0 = Release|x86
		{46894D25-5A60-4E85-959D-3FB69EE4F2B8}.Debug|Any CPU.ActiveCfg = Debug|Any CPU
		{46894D25-5A60-4E85-959D-3FB69EE4F2B8}.Debug|Any CPU.Build.0 = Debug|Any CPU
		{46894D25-5A60-4E85-959D-3FB69EE4F2B8}.Debug|Itanium.ActiveCfg = Debug|x86
		{46894D25-5A60-4E85-959D-3FB69EE4F2B8}.Debug|Mixed Platforms.ActiveCfg = Debug|x86
		{46894D25-5A60-4E85-959D-3FB69EE4F2B8}.Debug|Mixed Platforms.Build.0 = Debug|x86
		{46894D25-5A60-4E85-959D-3FB69EE4F2B8}.Debug|Win32.ActiveCfg = Debug|x86
		{46894D25-5A60-4E85-959D-3FB69EE4F2B8}.Debug|x64.ActiveCfg = Debug|x86
		{46894D25-5A60-4E85-959D-3FB69EE4F2B8}.Debug|x86.ActiveCfg = Debug|x86
		{46894D25-5A60-4E85-959D-3FB69EE4F2B8}.Debug|x86.Build.0 = Debug|x86
		{46894D25-5A60-4E85-959D-3FB69EE4F2B8}.Debug64 Itanium|Any CPU.ActiveCfg = Debug|x86
		{46894D25-5A60-4E85-959D-3FB69EE4F2B8}.Debug64 Itanium|Itanium.ActiveCfg = Debug|x86
		{46894D25-5A60-4E85-959D-3FB69EE4F2B8}.Debug64 Itanium|Mixed Platforms.ActiveCfg = Debug|x86
		{46894D25-5A60-4E85-959D-3FB69EE4F2B8}.Debug64 Itanium|Mixed Platforms.Build.0 = Debug|x86
		{46894D25-5A60-4E85-959D-3FB69EE4F2B8}.Debug64 Itanium|Win32.ActiveCfg = Debug|x86
		{46894D25-5A60-4E85-959D-3FB69EE4F2B8}.Debug64 Itanium|x64.ActiveCfg = Debug|x86
		{46894D25-5A60-4E85-959D-3FB69EE4F2B8}.Debug64 Itanium|x86.ActiveCfg = Debug|x86
		{46894D25-5A60-4E85-959D-3FB69EE4F2B8}.Debug64 Itanium|x86.Build.0 = Debug|x86
		{46894D25-5A60-4E85-959D-3FB69EE4F2B8}.Debug64|Any CPU.ActiveCfg = Debug|x86
		{46894D25-5A60-4E85-959D-3FB69EE4F2B8}.Debug64|Itanium.ActiveCfg = Debug|x86
		{46894D25-5A60-4E85-959D-3FB69EE4F2B8}.Debug64|Mixed Platforms.ActiveCfg = Debug|x86
		{46894D25-5A60-4E85-959D-3FB69EE4F2B8}.Debug64|Mixed Platforms.Build.0 = Debug|x86
		{46894D25-5A60-4E85-959D-3FB69EE4F2B8}.Debug64|Win32.ActiveCfg = Debug|x86
		{46894D25-5A60-4E85-959D-3FB69EE4F2B8}.Debug64|x64.ActiveCfg = Debug|x86
		{46894D25-5A60-4E85-959D-3FB69EE4F2B8}.Debug64|x86.ActiveCfg = Debug|x86
		{46894D25-5A60-4E85-959D-3FB69EE4F2B8}.Debug64|x86.Build.0 = Debug|x86
		{46894D25-5A60-4E85-959D-3FB69EE4F2B8}.DVD-10|Any CPU.ActiveCfg = Debug|x86
		{46894D25-5A60-4E85-959D-3FB69EE4F2B8}.DVD-10|Itanium.ActiveCfg = Debug|x86
		{46894D25-5A60-4E85-959D-3FB69EE4F2B8}.DVD-10|Mixed Platforms.ActiveCfg = Debug|x86
		{46894D25-5A60-4E85-959D-3FB69EE4F2B8}.DVD-10|Mixed Platforms.Build.0 = Debug|x86
		{46894D25-5A60-4E85-959D-3FB69EE4F2B8}.DVD-10|Win32.ActiveCfg = Debug|x86
		{46894D25-5A60-4E85-959D-3FB69EE4F2B8}.DVD-10|x64.ActiveCfg = Debug|x86
		{46894D25-5A60-4E85-959D-3FB69EE4F2B8}.DVD-10|x86.ActiveCfg = Debug|x86
		{46894D25-5A60-4E85-959D-3FB69EE4F2B8}.DVD-10|x86.Build.0 = Debug|x86
		{46894D25-5A60-4E85-959D-3FB69EE4F2B8}.DVD-18|Any CPU.ActiveCfg = Debug|x86
		{46894D25-5A60-4E85-959D-3FB69EE4F2B8}.DVD-18|Itanium.ActiveCfg = Debug|x86
		{46894D25-5A60-4E85-959D-3FB69EE4F2B8}.DVD-18|Mixed Platforms.ActiveCfg = Debug|x86
		{46894D25-5A60-4E85-959D-3FB69EE4F2B8}.DVD-18|Mixed Platforms.Build.0 = Debug|x86
		{46894D25-5A60-4E85-959D-3FB69EE4F2B8}.DVD-18|Win32.ActiveCfg = Debug|x86
		{46894D25-5A60-4E85-959D-3FB69EE4F2B8}.DVD-18|x64.ActiveCfg = Debug|x86
		{46894D25-5A60-4E85-959D-3FB69EE4F2B8}.DVD-18|x86.ActiveCfg = Debug|x86
		{46894D25-5A60-4E85-959D-3FB69EE4F2B8}.DVD-18|x86.Build.0 = Debug|x86
		{46894D25-5A60-4E85-959D-3FB69EE4F2B8}.DVD-5|Any CPU.ActiveCfg = Debug|x86
		{46894D25-5A60-4E85-959D-3FB69EE4F2B8}.DVD-5|Itanium.ActiveCfg = Debug|x86
		{46894D25-5A60-4E85-959D-3FB69EE4F2B8}.DVD-5|Mixed Platforms.ActiveCfg = Debug|x86
		{46894D25-5A60-4E85-959D-3FB69EE4F2B8}.DVD-5|Mixed Platforms.Build.0 = Debug|x86
		{46894D25-5A60-4E85-959D-3FB69EE4F2B8}.DVD-5|Win32.ActiveCfg = Debug|x86
		{46894D25-5A60-4E85-959D-3FB69EE4F2B8}.DVD-5|x64.ActiveCfg = Debug|x86
		{46894D25-5A60-4E85-959D-3FB69EE4F2B8}.DVD-5|x86.ActiveCfg = Debug|x86
		{46894D25-5A60-4E85-959D-3FB69EE4F2B8}.DVD-5|x86.Build.0 = Debug|x86
		{46894D25-5A60-4E85-959D-3FB69EE4F2B8}.DVD-9|Any CPU.ActiveCfg = Debug|x86
		{46894D25-5A60-4E85-959D-3FB69EE4F2B8}.DVD-9|Itanium.ActiveCfg = Debug|x86
		{46894D25-5A60-4E85-959D-3FB69EE4F2B8}.DVD-9|Mixed Platforms.ActiveCfg = Debug|x86
		{46894D25-5A60-4E85-959D-3FB69EE4F2B8}.DVD-9|Mixed Platforms.Build.0 = Debug|x86
		{46894D25-5A60-4E85-959D-3FB69EE4F2B8}.DVD-9|Win32.ActiveCfg = Debug|x86
		{46894D25-5A60-4E85-959D-3FB69EE4F2B8}.DVD-9|x64.ActiveCfg = Debug|x86
		{46894D25-5A60-4E85-959D-3FB69EE4F2B8}.DVD-9|x86.ActiveCfg = Debug|x86
		{46894D25-5A60-4E85-959D-3FB69EE4F2B8}.DVD-9|x86.Build.0 = Debug|x86
		{46894D25-5A60-4E85-959D-3FB69EE4F2B8}.Release|Any CPU.ActiveCfg = Release|Any CPU
		{46894D25-5A60-4E85-959D-3FB69EE4F2B8}.Release|Any CPU.Build.0 = Release|Any CPU
		{46894D25-5A60-4E85-959D-3FB69EE4F2B8}.Release|Itanium.ActiveCfg = Release|x86
		{46894D25-5A60-4E85-959D-3FB69EE4F2B8}.Release|Mixed Platforms.ActiveCfg = Release|x86
		{46894D25-5A60-4E85-959D-3FB69EE4F2B8}.Release|Mixed Platforms.Build.0 = Release|x86
		{46894D25-5A60-4E85-959D-3FB69EE4F2B8}.Release|Win32.ActiveCfg = Release|x86
		{46894D25-5A60-4E85-959D-3FB69EE4F2B8}.Release|x64.ActiveCfg = Release|x86
		{46894D25-5A60-4E85-959D-3FB69EE4F2B8}.Release|x86.ActiveCfg = Release|x86
		{46894D25-5A60-4E85-959D-3FB69EE4F2B8}.Release|x86.Build.0 = Release|x86
		{46894D25-5A60-4E85-959D-3FB69EE4F2B8}.Release64 Itanium|Any CPU.ActiveCfg = Release|x86
		{46894D25-5A60-4E85-959D-3FB69EE4F2B8}.Release64 Itanium|Itanium.ActiveCfg = Release|x86
		{46894D25-5A60-4E85-959D-3FB69EE4F2B8}.Release64 Itanium|Mixed Platforms.ActiveCfg = Release|x86
		{46894D25-5A60-4E85-959D-3FB69EE4F2B8}.Release64 Itanium|Mixed Platforms.Build.0 = Release|x86
		{46894D25-5A60-4E85-959D-3FB69EE4F2B8}.Release64 Itanium|Win32.ActiveCfg = Release|x86
		{46894D25-5A60-4E85-959D-3FB69EE4F2B8}.Release64 Itanium|x64.ActiveCfg = Release|x86
		{46894D25-5A60-4E85-959D-3FB69EE4F2B8}.Release64 Itanium|x86.ActiveCfg = Release|x86
		{46894D25-5A60-4E85-959D-3FB69EE4F2B8}.Release64 Itanium|x86.Build.0 = Release|x86
		{46894D25-5A60-4E85-959D-3FB69EE4F2B8}.Release64|Any CPU.ActiveCfg = Release|x86
		{46894D25-5A60-4E85-959D-3FB69EE4F2B8}.Release64|Itanium.ActiveCfg = Release|x86
		{46894D25-5A60-4E85-959D-3FB69EE4F2B8}.Release64|Mixed Platforms.ActiveCfg = Release|x86
		{46894D25-5A60-4E85-959D-3FB69EE4F2B8}.Release64|Mixed Platforms.Build.0 = Release|x86
		{46894D25-5A60-4E85-959D-3FB69EE4F2B8}.Release64|Win32.ActiveCfg = Release|x86
		{46894D25-5A60-4E85-959D-3FB69EE4F2B8}.Release64|x64.ActiveCfg = Release|x86
		{46894D25-5A60-4E85-959D-3FB69EE4F2B8}.Release64|x86.ActiveCfg = Release|x86
		{46894D25-5A60-4E85-959D-3FB69EE4F2B8}.Release64|x86.Build.0 = Release|x86
		{46894D25-5A60-4E85-959D-3FB69EE4F2B8}.SingleImage|Any CPU.ActiveCfg = Release|x86
		{46894D25-5A60-4E85-959D-3FB69EE4F2B8}.SingleImage|Itanium.ActiveCfg = Release|x86
		{46894D25-5A60-4E85-959D-3FB69EE4F2B8}.SingleImage|Mixed Platforms.ActiveCfg = Release|x86
		{46894D25-5A60-4E85-959D-3FB69EE4F2B8}.SingleImage|Mixed Platforms.Build.0 = Release|x86
		{46894D25-5A60-4E85-959D-3FB69EE4F2B8}.SingleImage|Win32.ActiveCfg = Release|x86
		{46894D25-5A60-4E85-959D-3FB69EE4F2B8}.SingleImage|x64.ActiveCfg = Release|x86
		{46894D25-5A60-4E85-959D-3FB69EE4F2B8}.SingleImage|x86.ActiveCfg = Release|x86
		{46894D25-5A60-4E85-959D-3FB69EE4F2B8}.SingleImage|x86.Build.0 = Release|x86
		{46894D25-5A60-4E85-959D-3FB69EE4F2B8}.WebDeployment|Any CPU.ActiveCfg = Release|x86
		{46894D25-5A60-4E85-959D-3FB69EE4F2B8}.WebDeployment|Itanium.ActiveCfg = Release|x86
		{46894D25-5A60-4E85-959D-3FB69EE4F2B8}.WebDeployment|Mixed Platforms.ActiveCfg = Release|x86
		{46894D25-5A60-4E85-959D-3FB69EE4F2B8}.WebDeployment|Mixed Platforms.Build.0 = Release|x86
		{46894D25-5A60-4E85-959D-3FB69EE4F2B8}.WebDeployment|Win32.ActiveCfg = Release|x86
		{46894D25-5A60-4E85-959D-3FB69EE4F2B8}.WebDeployment|x64.ActiveCfg = Release|x86
		{46894D25-5A60-4E85-959D-3FB69EE4F2B8}.WebDeployment|x86.ActiveCfg = Release|x86
		{46894D25-5A60-4E85-959D-3FB69EE4F2B8}.WebDeployment|x86.Build.0 = Release|x86
	EndGlobalSection
	GlobalSection(SolutionProperties) = preSolution
		HideSolutionNode = FALSE
	EndGlobalSection
EndGlobal
